Microsoft Visual Studio Solution File, Format Version 12.00
# Visual Studio Version 18
VisualStudioVersion = 18.9.12128.139
MinimumVisualStudioVersion = 10.0.40219.1
Project("{FAE04EC0-301F-11D3-BF4B-00C04F79EFBC}") = "lab1.core", "src\lab1.Core\lab1.core.csproj", "{ADFEE4E8-C2CC-44D9-BD94-0239FA4E4D2F}"
EndProject
Project("{FAE04EC0-301F-11D3-BF4B-00C04F79EFBC}") = "rgb_hls_cmyk_converter_lab1", "src\lab1\rgb_hls_cmyk_converter_lab1.csproj", "{23F69239-6463-44FA-B853-FB6C95F17D20}"
EndProject
Global
	GlobalSection(SolutionConfigurationPlatforms) = preSolution
		Debug|Any CPU = Debug|Any CPU
		Release|Any CPU = Release|Any CPU
	EndGlobalSection
	GlobalSection(ProjectConfigurationPlatforms) = postSolution
		{ADFEE4E8-C2CC-44D9-BD94-0239FA4E4D2F}.Debug|Any CPU.ActiveCfg = Debug|Any CPU
		{ADFEE4E8-C2CC-44D9-BD94-0239FA4E4D2F}.Debug|Any CPU.Build.0 = Debug|Any CPU
		{ADFEE4E8-C2CC-44D9-BD94-0239FA4E4D2F}.Release|Any CPU.ActiveCfg = Release|Any CPU
		{ADFEE4E8-C2CC-44D9-BD94-0239FA4E4D2F}.Release|Any CPU.Build.0 = Release|Any CPU
		{23F69239-6463-44FA-B853-FB6C95F17D20}.Debug|Any CPU.ActiveCfg = Debug|Any CPU
		{23F69239-6463-44FA-B853-FB6C95F17D20}.Debug|Any CPU.Build.0 = Debug|Any CPU
		{23F69239-6463-44FA-B853-FB6C95F17D20}.Release|Any CPU.ActiveCfg = Release|Any CPU
		{23F69239-6463-44FA-B853-FB6C95F17D20}.Release|Any CPU.Build.0 = Release|Any CPU
	EndGlobalSection
	GlobalSection(SolutionProperties) = preSolution
		HideSolutionNode = FALSE
	EndGlobalSection
	GlobalSection(ExtensibilityGlobals) = postSolution
		SolutionGuid = {F3E1B835-4484-4C79-B43B-D1BDC705FEBD}
	EndGlobalSection
EndGlobal
